
Microsoft Visual Studio Solution File, Format Version 12.00
Project("{FAE04EC0-301F-11D3-BF4B-00C04F79EFBC}") = "NewsAnalysis.API", "NewsAnalysis.API\NewsAnalysis.API.csproj", "{D1903A93-EFC7-4716-944A-0A7A67698BAC}"
EndProject
Project("{FAE04EC0-301F-11D3-BF4B-00C04F79EFBC}") = "NewsAnalysis", "NewsAnalysis\NewsAnalysis.csproj", "{DFBFBE81-94DA-4D0D-9D0D-8959997CF19C}"
EndProject
Global
	GlobalSection(SolutionConfigurationPlatforms) = preSolution
		Debug|Any CPU = Debug|Any CPU
		Release|Any CPU = Release|Any CPU
	EndGlobalSection
	GlobalSection(ProjectConfigurationPlatforms) = postSolution
		{D1903A93-EFC7-4716-944A-0A7A67698BAC}.Debug|Any CPU.ActiveCfg = Debug|Any CPU
		{D1903A93-EFC7-4716-944A-0A7A67698BAC}.Debug|Any CPU.Build.0 = Debug|Any CPU
		{D1903A93-EFC7-4716-944A-0A7A67698BAC}.Release|Any CPU.ActiveCfg = Release|Any CPU
		{D1903A93-EFC7-4716-944A-0A7A67698BAC}.Release|Any CPU.Build.0 = Release|Any CPU
		{DFBFBE81-94DA-4D0D-9D0D-8959997CF19C}.Debug|Any CPU.ActiveCfg = Debug|Any CPU
		{DFBFBE81-94DA-4D0D-9D0D-8959997CF19C}.Debug|Any CPU.Build.0 = Debug|Any CPU
		{DFBFBE81-94DA-4D0D-9D0D-8959997CF19C}.Release|Any CPU.ActiveCfg = Release|Any CPU
		{DFBFBE81-94DA-4D0D-9D0D-8959997CF19C}.Release|Any CPU.Build.0 = Release|Any CPU
	EndGlobalSection
EndGlobal
